
Microsoft Visual Studio Solution File, Format Version 12.00
# Visual Studio Version 17
VisualStudioVersion = 17.4.33110.190
MinimumVisualStudioVersion = 10.0.40219.1
Project("{FAE04EC0-301F-11D3-BF4B-00C04F79EFBC}") = "AreaCalculator-CodingTest", "AreaCalculator-CodingTest\AreaCalculator-CodingTest.csproj", "{69EF8FAE-B353-447C-8C00-4BB667350CF7}"
EndProject
Global
	GlobalSection(SolutionConfigurationPlatforms) = preSolution
		Debug|Any CPU = Debug|Any CPU
		Release|Any CPU = Release|Any CPU
	EndGlobalSection
	GlobalSection(ProjectConfigurationPlatforms) = postSolution
		{69EF8FAE-B353-447C-8C00-4BB667350CF7}.Debug|Any CPU.ActiveCfg = Debug|Any CPU
		{69EF8FAE-B353-447C-8C00-4BB667350CF7}.Debug|Any CPU.Build.0 = Debug|Any CPU
		{69EF8FAE-B353-447C-8C00-4BB667350CF7}.Release|Any CPU.ActiveCfg = Release|Any CPU
		{69EF8FAE-B353-447C-8C00-4BB667350CF7}.Release|Any CPU.Build.0 = Release|Any CPU
	EndGlobalSection
	GlobalSection(SolutionProperties) = preSolution
		HideSolutionNode = FALSE
	EndGlobalSection
	GlobalSection(ExtensibilityGlobals) = postSolution
		SolutionGuid = {7B46B515-85FC-4210-B720-4171D8A73C36}
	EndGlobalSection
EndGlobal
